PODS:
  - Alamofire (4.8.2)
  - hpple (0.3.0)
  - PromiseKit (6.8.4):
    - PromiseKit/CorePromise (= 6.8.4)
    - PromiseKit/Foundation (= 6.8.4)
    - PromiseKit/UIKit (= 6.8.4)
  - PromiseKit/CorePromise (6.8.4)
  - PromiseKit/Foundation (6.8.4):
    - PromiseKit/CorePromise
  - Realm (3.15.0):
    - Realm/Headers (= 3.15.0)
  - Realm/Headers (3.15.0)
  - RealmSwift (3.15.0):
    - Realm (= 3.15.0)
  - SAMKeychain (1.5.3)
  - SwiftyJSON (5.0.0)

DEPENDENCIES:
  - Alamofire (~> 4)
  - hpple (from `https://github.com/topfunky/hpple.git`)
  - PromiseKit (~> 6)
  - RealmSwift (~> 3)
  - SAMKeychain (~> 1.5.0)
  - SwiftyJSON (~> 5)

SPEC REPOS:
  https://github.com/cocoapods/specs.git:
    - Alamofire
    - PromiseKit
    - Realm
    - RealmSwift
    - SAMKeychain
    - SwiftyJSON

EXTERNAL SOURCES:
  hpple:
    :git: https://github.com/topfunky/hpple.git

CHECKOUT OPTIONS:
  hpple:
    :commit: ba66fa9d4a116d758f470cb664c31eb3e14909c9
    :git: https://github.com/topfunky/hpple.git

SPEC CHECKSUMS:
  Alamofire: ae5c501addb7afdbb13687d7f2f722c78734c2d3
  hpple: 37ac0a804d0f8a7f488712b5ff5f06129e1c9e31
  PromiseKit: 51794a832647e7b819336dc2279039ce9f1cc49b
  Realm: 9b834e1be6062f544805252c812348872dc5d4ed
  RealmSwift: 8a41886f8ab6efef9eb8df97de2f2bb911561a79
  SAMKeychain: 483e1c9f32984d50ca961e26818a534283b4cd5c
  SwiftyJSON: 36413e04c44ee145039d332b4f4e2d3e8d6c4db7

PODFILE CHECKSUM: a6326323d056a753fed1a4c1a5f77b515d5edf10

COCOAPODS: 1.6.1
